
Microsoft Visual Studio Solution File, Format Version 12.00
# Visual Studio Version 16
VisualStudioVersion = 16.0.31829.152
MinimumVisualStudioVersion = 10.0.40219.1
Project("{FAE04EC0-301F-11D3-BF4B-00C04F79EFBC}") = "Printer-Reservation-System", "Printer-Reservation-System\Printer-Reservation-System.csproj", "{E9BC71D6-C004-4E4A-A803-A216A1299AA1}"
EndProject
Global
	GlobalSection(SolutionConfigurationPlatforms) = preSolution
		Debug|Any CPU = Debug|Any CPU
		Release|Any CPU = Release|Any CPU
	EndGlobalSection
	GlobalSection(ProjectConfigurationPlatforms) = postSolution
		{E9BC71D6-C004-4E4A-A803-A216A1299AA1}.Debug|Any CPU.ActiveCfg = Debug|Any CPU
		{E9BC71D6-C004-4E4A-A803-A216A1299AA1}.Debug|Any CPU.Build.0 = Debug|Any CPU
		{E9BC71D6-C004-4E4A-A803-A216A1299AA1}.Release|Any CPU.ActiveCfg = Release|Any CPU
		{E9BC71D6-C004-4E4A-A803-A216A1299AA1}.Release|Any CPU.Build.0 = Release|Any CPU
	EndGlobalSection
	GlobalSection(SolutionProperties) = preSolution
		HideSolutionNode = FALSE
	EndGlobalSection
	GlobalSection(ExtensibilityGlobals) = postSolution
		SolutionGuid = {11CE4F3B-ECA5-41AA-B75D-4D2B72FDE7D1}
	EndGlobalSection
EndGlobal
